{
  "name": "nimbounty",
  "lockfileVersion": 3,
  "requires": true,
  "packages": {
    "": {
      "dependencies": {
        "@nimiq/mini-app-sdk": "^0.1.0"
      }
    },
    "node_modules/@nimiq/mini-app-sdk": {
      "version": "0.1.0",
      "resolved": "https://registry.npmjs.org/@nimiq/mini-app-sdk/-/mini-app-sdk-0.1.0.tgz",
      "integrity": "sha512-QR5GGrL25U5xRkWdDhDMqY6npRXMtIu07Fe0cTXon5dLLlAuPhIaJU2egwASYITwFH1RXpYCE0JnufO88SleKA==",
      "license": "MIT"
    }
  }
}
